
Microsoft Visual Studio Solution File, Format Version 12.00
# Visual Studio Version 17
VisualStudioVersion = 17.11.35312.102
MinimumVisualStudioVersion = 10.0.40219.1
Project("{8BC9CEB8-8B4A-11D0-8D11-00A0C91BC942}") = "Translator", "Translator.vcxproj", "{D4EFFD4B-265E-4DBA-96DC-9B8F11DBE836}"
EndProject
Global
	GlobalSection(SolutionConfigurationPlatforms) = preSolution
		Debug|x64 = Debug|x64
		Debug|x86 = Debug|x86
		Release|x64 = Release|x64
		Release|x86 = Release|x86
	EndGlobalSection
	GlobalSection(ProjectConfigurationPlatforms) = postSolution
		{D4EFFD4B-265E-4DBA-96DC-9B8F11DBE836}.Debug|x64.ActiveCfg = Debug|x64
		{D4EFFD4B-265E-4DBA-96DC-9B8F11DBE836}.Debug|x64.Build.0 = Debug|x64
		{D4EFFD4B-265E-4DBA-96DC-9B8F11DBE836}.Debug|x86.ActiveCfg = Debug|Win32
		{D4EFFD4B-265E-4DBA-96DC-9B8F11DBE836}.Debug|x86.Build.0 = Debug|Win32
		{D4EFFD4B-265E-4DBA-96DC-9B8F11DBE836}.Release|x64.ActiveCfg = Release|x64
		{D4EFFD4B-265E-4DBA-96DC-9B8F11DBE836}.Release|x64.Build.0 = Release|x64
		{D4EFFD4B-265E-4DBA-96DC-9B8F11DBE836}.Release|x86.ActiveCfg = Release|Win32
		{D4EFFD4B-265E-4DBA-96DC-9B8F11DBE836}.Release|x86.Build.0 = Release|Win32
	EndGlobalSection
	GlobalSection(SolutionProperties) = preSolution
		HideSolutionNode = FALSE
	EndGlobalSection
	GlobalSection(ExtensibilityGlobals) = postSolution
		SolutionGuid = {75816B30-3612-43AE-B2F6-A580BB37B50D}
	EndGlobalSection
EndGlobal
